// !$*UTF8*$!
{
	archiveVersion = 1;
	classes = {
	};
	objectVersion = 46;
	objects = {

/* Begin PBXBuildFile section */
		D067F32C1F5778B700E4FC8D /* AppDelegate.swift in Sources */ = {isa = PBXBuildFile; fileRef = D067F32B1F5778B700E4FC8D /* AppDelegate.swift */; };
		D067F32E1F5778B700E4FC8D /* ViewController.swift in Sources */ = {isa = PBXBuildFile; fileRef = D067F32D1F5778B700E4FC8D /* ViewController.swift */; };
		D067F3311F5778B700E4FC8D /* Main.storyboard in Resources */ = {isa = PBXBuildFile; fileRef = D067F32F1F5778B700E4FC8D /* Main.storyboard */; };
		D067F3331F5778B700E4FC8D /* Assets.xcassets in Resources */ = {isa = PBXBuildFile; fileRef = D067F3321F5778B700E4FC8D /* Assets.xcassets */; };
		D067F3361F5778B700E4FC8D /* LaunchScreen.storyboard in Resources */ = {isa = PBXBuildFile; fileRef = D067F3341F5778B700E4FC8D /* LaunchScreen.storyboard */; };
		D067F3411F5778B700E4FC8D /* FoodTrackerTests.swift in Sources */ = {isa = PBXBuildFile; fileRef = D067F3401F5778B700E4FC8D /* FoodTrackerTests.swift */; };
/* End PBXBuildFile section */

/* Begin PBXContainerItemProxy section */
		D067F33D1F5778B700E4FC8D /* PBXContainerItemProxy */ = {
			isa = PBXContainerItemProxy;
			containerPortal = D067F3201F5778B700E4FC8D /* Project object */;
			proxyType = 1;
			remoteGlobalIDString = D067F3271F5778B700E4FC8D;
			remoteInfo = FoodTracker;
		};
/* End PBXContainerItemProxy section */

/* Begin PBXFileReference section */
		D067F3281F5778B700E4FC8D /* FoodTracker.app */ = {isa = PBXFileReference; explicitFileType = wrapper.application; includeInIndex = 0; path = FoodTracker.app; sourceTree = BUILT_PRODUCTS_DIR; };
		D067F32B1F5778B700E4FC8D /* AppDelegate.swift */ = {isa = PBXFileReference; lastKnownFileType = sourcecode.swift; path = AppDelegate.swift; sourceTree = "<group>"; };
		D067F32D1F5778B700E4FC8D /* ViewController.swift */ = {isa = PBXFileReference; lastKnownFileType = sourcecode.swift; path = ViewController.swift; sourceTree = "<group>"; usesTabs = 0; };
		D067F3301F5778B700E4FC8D /* Base */ = {isa = PBXFileReference; lastKnownFileType = file.storyboard; name = Base; path = Base.lproj/Main.storyboard; sourceTree = "<group>"; };
		D067F3321F5778B700E4FC8D /* Assets.xcassets */ = {isa = PBXFileReference; lastKnownFileType = folder.assetcatalog; path = Assets.xcassets; sourceTree = "<group>"; };
		D067F3351F5778B700E4FC8D /* Base */ = {isa = PBXFileReference; lastKnownFileType = file.storyboard; name = Base; path = Base.lproj/LaunchScreen.storyboard; sourceTree = "<group>"; };
		D067F3371F5778B700E4FC8D /* Info.plist */ = {isa = PBXFileReference; lastKnownFileType = text.plist.xml; path = Info.plist; sourceTree = "<group>"; };
		D067F33C1F5778B700E4FC8D /* FoodTrackerTests.xctest */ = {isa = PBXFileReference; explicitFileType = wrapper.cfbundle; includeInIndex = 0; path = FoodTrackerTests.xctest; sourceTree = BUILT_PRODUCTS_DIR; };
		D067F3401F5778B700E4FC8D /* FoodTrackerTests.swift */ = {isa = PBXFileReference; lastKnownFileType = sourcecode.swift; path = FoodTrackerTests.swift; sourceTree = "<group>"; };
		D067F3421F5778B700E4FC8D /* Info.plist */ = {isa = PBXFileReference; lastKnownFileType = text.plist.xml; path = Info.plist; sourceTree = "<group>"; };
/* End PBXFileReference section */

/* Begin PBXFrameworksBuildPhase section */
		D067F3251F5778B700E4FC8D /* Frameworks */ = {
			isa = PBXFrameworksBuildPhase;
			buildActionMask = 2147483647;
			files = (
			);
			runOnlyForDeploymentPostprocessing = 0;
		};
		D067F3391F5778B700E4FC8D /* Frameworks */ = {
			isa = PBXFrameworksBuildPhase;
			buildActionMask = 2147483647;
			files = (
			);
			runOnlyForDeploymentPostprocessing = 0;
		};
/* End PBXFrameworksBuildPhase section */

/* Begin PBXGroup section */
		D067F31F1F5778B700E4FC8D = {
			isa = PBXGroup;
			children = (
				D067F32A1F5778B700E4FC8D /* FoodTracker */,
				D067F33F1F5778B700E4FC8D /* FoodTrackerTests */,
				D067F3291F5778B700E4FC8D /* Products */,
			);
			sourceTree = "<group>";
		};
		D067F3291F5778B700E4FC8D /* Products */ = {
			isa = PBXGroup;
			children = (
				D067F3281F5778B700E4FC8D /* FoodTracker.app */,
				D067F33C1F5778B700E4FC8D /* FoodTrackerTests.xctest */,
			);
			name = Products;
			sourceTree = "<group>";
		};
		D067F32A1F5778B700E4FC8D /* FoodTracker */ = {
			isa = PBXGroup;
			children = (
				D067F32B1F5778B700E4FC8D /* AppDelegate.swift */,
				D067F32D1F5778B700E4FC8D /* ViewController.swift */,
				D067F32F1F5778B700E4FC8D /* Main.storyboard */,
				D067F3321F5778B700E4FC8D /* Assets.xcassets */,
				D067F3341F5778B700E4FC8D /* LaunchScreen.storyboard */,
				D067F3371F5778B700E4FC8D /* Info.plist */,
			);
			path = FoodTracker;
			sourceTree = "<group>";
		};
		D067F33F1F5778B700E4FC8D /* FoodTrackerTests */ = {
			isa = PBXGroup;
			children = (
				D067F3401F5778B700E4FC8D /* FoodTrackerTests.swift */,
				D067F3421F5778B700E4FC8D /* Info.plist */,
			);
			path = FoodTrackerTests;
			sourceTree = "<group>";
		};
/* End PBXGroup section */

/* Begin PBXNativeTarget section */
		D067F3271F5778B700E4FC8D /* FoodTracker */ = {
			isa = PBXNativeTarget;
			buildConfigurationList = D067F3451F5778B700E4FC8D /* Build configuration list for PBXNativeTarget "FoodTracker" */;
			buildPhases = (
				D067F3241F5778B700E4FC8D /* Sources */,
				D067F3251F5778B700E4FC8D /* Frameworks */,
				D067F3261F5778B700E4FC8D /* Resources */,
			);
			buildRules = (
			);
			dependencies = (
			);
			name = FoodTracker;
			productName = FoodTracker;
			productReference = D067F3281F5778B700E4FC8D /* FoodTracker.app */;
			productType = "com.apple.product-type.application";
		};
		D067F33B1F5778B700E4FC8D /* FoodTrackerTests */ = {
			isa = PBXNativeTarget;
			buildConfigurationList = D067F3481F5778B700E4FC8D /* Build configuration list for PBXNativeTarget "FoodTrackerTests" */;
			buildPhases = (
				D067F3381F5778B700E4FC8D /* Sources */,
				D067F3391F5778B700E4FC8D /* Frameworks */,
				D067F33A1F5778B700E4FC8D /* Resources */,
			);
			buildRules = (
			);
			dependencies = (
				D067F33E1F5778B700E4FC8D /* PBXTargetDependency */,
			);
			name = FoodTrackerTests;
			productName = FoodTrackerTests;
			productReference = D067F33C1F5778B700E4FC8D /* FoodTrackerTests.xctest */;
			productType = "com.apple.product-type.bundle.unit-test";
		};
/* End PBXNativeTarget section */

/* Begin PBXProject section */
		D067F3201F5778B700E4FC8D /* Project object */ = {
			isa = PBXProject;
			attributes = {
				LastSwiftUpdateCheck = 0830;
				LastUpgradeCheck = 0830;
				ORGANIZATIONNAME = Chongchong;
				TargetAttributes = {
					D067F3271F5778B700E4FC8D = {
						CreatedOnToolsVersion = 8.3.3;
						DevelopmentTeam = T9J3GAS83V;
						ProvisioningStyle = Automatic;
					};
					D067F33B1F5778B700E4FC8D = {
						CreatedOnToolsVersion = 8.3.3;
						DevelopmentTeam = T9J3GAS83V;
						ProvisioningStyle = Automatic;
						TestTargetID = D067F3271F5778B700E4FC8D;
					};
				};
			};
			buildConfigurationList = D067F3231F5778B700E4FC8D /* Build configuration list for PBXProject "FoodTracker" */;
			compatibilityVersion = "Xcode 3.2";
			developmentRegion = English;
			hasScannedForEncodings = 0;
			knownRegions = (
				en,
				Base,
			);
			mainGroup = D067F31F1F5778B700E4FC8D;
			productRefGroup = D067F3291F5778B700E4FC8D /* Products */;
			projectDirPath = "";
			projectRoot = "";
			targets = (
				D067F3271F5778B700E4FC8D /* FoodTracker */,
				D067F33B1F5778B700E4FC8D /* FoodTrackerTests */,
			);
		};
/* End PBXProject section */

/* Begin PBXResourcesBuildPhase section */
		D067F3261F5778B700E4FC8D /* Resources */ = {
			isa = PBXResourcesBuildPhase;
			buildActionMask = 2147483647;
			files = (
				D067F3361F5778B700E4FC8D /* LaunchScreen.storyboard in Resources */,
				D067F3331F5778B700E4FC8D /* Assets.xcassets in Resources */,
				D067F3311F5778B700E4FC8D /* Main.storyboard in Resources */,
			);
			runOnlyForDeploymentPostprocessing = 0;
		};
		D067F33A1F5778B700E4FC8D /* Resources */ = {
			isa = PBXResourcesBuildPhase;
			buildActionMask = 2147483647;
			files = (
			);
			runOnlyForDeploymentPostprocessing = 0;
		};
/* End PBXResourcesBuildPhase section */

/* Begin PBXSourcesBuildPhase section */
		D067F3241F5778B700E4FC8D /* Sources */ = {
			isa = PBXSourcesBuildPhase;
			buildActionMask = 2147483647;
			files = (
				D067F32E1F5778B700E4FC8D /* ViewController.swift in Sources */,
				D067F32C1F5778B700E4FC8D /* AppDelegate.swift in Sources */,
			);
			runOnlyForDeploymentPostprocessing = 0;
		};
		D067F3381F5778B700E4FC8D /* Sources */ = {
			isa = PBXSourcesBuildPhase;
			buildActionMask = 2147483647;
			files = (
				D067F3411F5778B700E4FC8D /* FoodTrackerTests.swift in Sources */,
			);
			runOnlyForDeploymentPostprocessing = 0;
		};
/* End PBXSourcesBuildPhase section */

/* Begin PBXTargetDependency section */
		D067F33E1F5778B700E4FC8D /* PBXTargetDependency */ = {
			isa = PBXTargetDependency;
			target = D067F3271F5778B700E4FC8D /* FoodTracker */;
			targetProxy = D067F33D1F5778B700E4FC8D /* PBXContainerItemProxy */;
		};
/* End PBXTargetDependency section */

/* Begin PBXVariantGroup section */
		D067F32F1F5778B700E4FC8D /* Main.storyboard */ = {
			isa = PBXVariantGroup;
			children = (
				D067F3301F5778B700E4FC8D /* Base */,
			);
			name = Main.storyboard;
			sourceTree = "<group>";
		};
		D067F3341F5778B700E4FC8D /* LaunchScreen.storyboard */ = {
			isa = PBXVariantGroup;
			children = (
				D067F3351F5778B700E4FC8D /* Base */,
			);
			name = LaunchScreen.storyboard;
			sourceTree = "<group>";
		};
/* End PBXVariantGroup section */

/* Begin XCBuildConfiguration section */
		D067F3431F5778B700E4FC8D /* Debug */ = {
			isa = XCBuildConfiguration;
			buildSettings = {
				ALWAYS_SEARCH_USER_PATHS = NO;
				CLANG_ANALYZER_NONNULL = YES;
				CLANG_ANALYZER_NUMBER_OBJECT_CONVERSION = YES_AGGRESSIVE;
				CLANG_CXX_LANGUAGE_STANDARD = "gnu++0x";
				CLANG_CXX_LIBRARY = "libc++";
				CLANG_ENABLE_MODULES = YES;
				CLANG_ENABLE_OBJC_ARC = YES;
				CLANG_WARN_BOOL_CONVERSION = YES;
				CLANG_WARN_CONSTANT_CONVERSION = YES;
				CLANG_WARN_DIRECT_OBJC_ISA_USAGE = YES_ERROR;
				CLANG_WARN_DOCUMENTATION_COMMENTS = YES;
				CLANG_WARN_EMPTY_BODY = YES;
				CLANG_WARN_ENUM_CONVERSION = YES;
				CLANG_WARN_INFINITE_RECURSION = YES;
				CLANG_WARN_INT_CONVERSION = YES;
				CLANG_WARN_OBJC_ROOT_CLASS = YES_ERROR;
				CLANG_WARN_SUSPICIOUS_MOVE = YES;
				CLANG_WARN_UNREACHABLE_CODE = YES;
				CLANG_WARN__DUPLICATE_METHOD_MATCH = YES;
				"CODE_SIGN_IDENTITY[sdk=iphoneos*]" = "iPhone Developer";
				COPY_PHASE_STRIP = NO;
				DEBUG_INFORMATION_FORMAT = dwarf;
				ENABLE_STRICT_OBJC_MSGSEND = YES;
				ENABLE_TESTABILITY = YES;
				GCC_C_LANGUAGE_STANDARD = gnu99;
				GCC_DYNAMIC_NO_PIC = NO;
				GCC_NO_COMMON_BLOCKS = YES;
				GCC_OPTIMIZATION_LEVEL = 0;
				GCC_PREPROCESSOR_DEFINITIONS = (
					"DEBUG=1",
					"$(inherited)",
				);
				GCC_WARN_64_TO_32_BIT_CONVERSION = YES;
				GCC_WARN_ABOUT_RETURN_TYPE = YES_ERROR;
				GCC_WARN_UNDECLARED_SELECTOR = YES;
				GCC_WARN_UNINITIALIZED_AUTOS = YES_AGGRESSIVE;
				GCC_WARN_UNUSED_FUNCTION = YES;
				GCC_WARN_UNUSED_VARIABLE = YES;
				IPHONEOS_DEPLOYMENT_TARGET = 10.3;
				MTL_ENABLE_DEBUG_INFO = YES;
				ONLY_ACTIVE_ARCH = YES;
				SDKROOT = iphoneos;
				SWIFT_ACTIVE_COMPILATION_CONDITIONS = DEBUG;
				SWIFT_OPTIMIZATION_LEVEL = "-Onone";
				TARGETED_DEVICE_FAMILY = "1,2";
			};
			name = Debug;
		};
		D067F3441F5778B700E4FC8D /* Release */ = {
			isa = XCBuildConfiguration;
			buildSettings = {
				ALWAYS_SEARCH_USER_PATHS = NO;
				CLANG_ANALYZER_NONNULL = YES;
				CLANG_ANALYZER_NUMBER_OBJECT_CONVERSION = YES_AGGRESSIVE;
				CLANG_CXX_LANGUAGE_STANDARD = "gnu++0x";
				CLANG_CXX_LIBRARY = "libc++";
				CLANG_ENABLE_MODULES = YES;
				CLANG_ENABLE_OBJC_ARC = YES;
				CLANG_WARN_BOOL_CONVERSION = YES;
				CLANG_WARN_CONSTANT_CONVERSION = YES;
				CLANG_WARN_DIRECT_OBJC_ISA_USAGE = YES_ERROR;
				CLANG_WARN_DOCUMENTATION_COMMENTS = YES;
				CLANG_WARN_EMPTY_BODY = YES;
				CLANG_WARN_ENUM_CONVERSION = YES;
				CLANG_WARN_INFINITE_RECURSION = YES;
				CLANG_WARN_INT_CONVERSION = YES;
				CLANG_WARN_OBJC_ROOT_CLASS = YES_ERROR;
				CLANG_WARN_SUSPICIOUS_MOVE = YES;
				CLANG_WARN_UNREACHABLE_CODE = YES;
				CLANG_WARN__DUPLICATE_METHOD_MATCH = YES;
				"CODE_SIGN_IDENTITY[sdk=iphoneos*]" = "iPhone Developer";
				COPY_PHASE_STRIP = NO;
				DEBUG_INFORMATION_FORMAT = "dwarf-with-dsym";
				ENABLE_NS_ASSERTIONS = NO;
				ENABLE_STRICT_OBJC_MSGSEND = YES;
				GCC_C_LANGUAGE_STANDARD = gnu99;
				GCC_NO_COMMON_BLOCKS = YES;
				GCC_WARN_64_TO_32_BIT_CONVERSION = YES;
				GCC_WARN_ABOUT_RETURN_TYPE = YES_ERROR;
				GCC_WARN_UNDECLARED_SELECTOR = YES;
				GCC_WARN_UNINITIALIZED_AUTOS = YES_AGGRESSIVE;
				GCC_WARN_UNUSED_FUNCTION = YES;
				GCC_WARN_UNUSED_VARIABLE = YES;
				IPHONEOS_DEPLOYMENT_TARGET = 10.3;
				MTL_ENABLE_DEBUG_INFO = NO;
				SDKROOT = iphoneos;
				SWIFT_OPTIMIZATION_LEVEL = "-Owholemodule";
				TARGETED_DEVICE_FAMILY = "1,2";
				VALIDATE_PRODUCT = YES;
			};
			name = Release;
		};
		D067F3461F5778B700E4FC8D /* Debug */ = {
			isa = XCBuildConfiguration;
			buildSettings = {
				ASSETCATALOG_COMPILER_APPICON_NAME = AppIcon;
				DEVELOPMENT_TEAM = T9J3GAS83V;
				INFOPLIST_FILE = FoodTracker/Info.plist;
				LD_RUNPATH_SEARCH_PATHS = "$(inherited) @executable_path/Frameworks";
				PRODUCT_BUNDLE_IDENTIFIER = com.example.FoodTracker;
				PRODUCT_NAME = "$(TARGET_NAME)";
				SWIFT_VERSION = 3.0;
			};
			name = Debug;
		};
		D067F3471F5778B700E4FC8D /* Release */ = {
			isa = XCBuildConfiguration;
			buildSettings = {
				ASSETCATALOG_COMPILER_APPICON_NAME = AppIcon;
				DEVELOPMENT_TEAM = T9J3GAS83V;
				INFOPLIST_FILE = FoodTracker/Info.plist;
				LD_RUNPATH_SEARCH_PATHS = "$(inherited) @executable_path/Frameworks";
				PRODUCT_BUNDLE_IDENTIFIER = com.example.FoodTracker;
				PRODUCT_NAME = "$(TARGET_NAME)";
				SWIFT_VERSION = 3.0;
			};
			name = Release;
		};
		D067F3491F5778B700E4FC8D /* Debug */ = {
			isa = XCBuildConfiguration;
			buildSettings = {
				ALWAYS_EMBED_SWIFT_STANDARD_LIBRARIES = YES;
				BUNDLE_LOADER = "$(TEST_HOST)";
				DEVELOPMENT_TEAM = T9J3GAS83V;
				INFOPLIST_FILE = FoodTrackerTests/Info.plist;
				LD_RUNPATH_SEARCH_PATHS = "$(inherited) @executable_path/Frameworks @loader_path/Frameworks";
				PRODUCT_BUNDLE_IDENTIFIER = com.example.FoodTrackerTests;
				PRODUCT_NAME = "$(TARGET_NAME)";
				SWIFT_VERSION = 3.0;
				TEST_HOST = "$(BUILT_PRODUCTS_DIR)/FoodTracker.app/FoodTracker";
			};
			name = Debug;
		};
		D067F34A1F5778B700E4FC8D /* Release */ = {
			isa = XCBuildConfiguration;
			buildSettings = {
				ALWAYS_EMBED_SWIFT_STANDARD_LIBRARIES = YES;
				BUNDLE_LOADER = "$(TEST_HOST)";
				DEVELOPMENT_TEAM = T9J3GAS83V;
				INFOPLIST_FILE = FoodTrackerTests/Info.plist;
				LD_RUNPATH_SEARCH_PATHS = "$(inherited) @executable_path/Frameworks @loader_path/Frameworks";
				PRODUCT_BUNDLE_IDENTIFIER = com.example.FoodTrackerTests;
				PRODUCT_NAME = "$(TARGET_NAME)";
				SWIFT_VERSION = 3.0;
				TEST_HOST = "$(BUILT_PRODUCTS_DIR)/FoodTracker.app/FoodTracker";
			};
			name = Release;
		};
/* End XCBuildConfiguration section */

/* Begin XCConfigurationList section */
		D067F3231F5778B700E4FC8D /* Build configuration list for PBXProject "FoodTracker" */ = {
			isa = XCConfigurationList;
			buildConfigurations = (
				D067F3431F5778B700E4FC8D /* Debug */,
				D067F3441F5778B700E4FC8D /* Release */,
			);
			defaultConfigurationIsVisible = 0;
			defaultConfigurationName = Release;
		};
		D067F3451F5778B700E4FC8D /* Build configuration list for PBXNativeTarget "FoodTracker" */ = {
			isa = XCConfigurationList;
			buildConfigurations = (
				D067F3461F5778B700E4FC8D /* Debug */,
				D067F3471F5778B700E4FC8D /* Release */,
			);
			defaultConfigurationIsVisible = 0;
			defaultConfigurationName = Release;
		};
		D067F3481F5778B700E4FC8D /* Build configuration list for PBXNativeTarget "FoodTrackerTests" */ = {
			isa = XCConfigurationList;
			buildConfigurations = (
				D067F3491F5778B700E4FC8D /* Debug */,
				D067F34A1F5778B700E4FC8D /* Release */,
			);
			defaultConfigurationIsVisible = 0;
			defaultConfigurationName = Release;
		};
/* End XCConfigurationList section */
	};
	rootObject = D067F3201F5778B700E4FC8D /* Project object */;
}
